# This file is automatically @generated by Cargo.
# It is not intended for manual editing.
version = 3

[[package]]
name = "alloca"
version = "0.3.4"
source = "registry+https://github.com/rust-lang/crates.io-index"
checksum = "873a9f050fb9a85bd0c486a48277cbf48a840e5c806bc6d9988509a06ded1a58"
dependencies = [
 "cc",
]

[[package]]
name = "cc"
version = "1.0.81"
source = "registry+https://github.com/rust-lang/crates.io-index"
checksum = "6c6b2562119bf28c3439f7f02db99faf0aa1a8cdfe5772a2ee155d32227239f0"
dependencies = [
 "libc",
]

[[package]]
name = "compiler_builtins"
version = "0.1.100"
source = "registry+https://github.com/rust-lang/crates.io-index"
checksum = "d6c0f24437059853f0fa64afc51f338f93647a3de4cf3358ba1bb4171a199775"
dependencies = [
 "rustc-std-workspace-core",
]

[[package]]
name = "libc"
version = "0.2.147"
source = "registry+https://github.com/rust-lang/crates.io-index"
checksum = "b4668fb0ea861c1df094127ac5f1da3409a82116a4ba74fca2e58ef927159bb3"

[[package]]
name = "rustc-std-workspace-core"
version = "1.0.0"
source = "registry+https://github.com/rust-lang/crates.io-index"
checksum = "1956f5517128a2b6f23ab2dadf1a976f4f5b27962e7724c2bf3d45e539ec098c"

[[package]]
name = "syscall_encode_traits"
version = "0.1.7"
dependencies = [
 "alloca",
 "compiler_builtins",
 "rustc-std-workspace-core",
]
